// !$*UTF8*$!
{
	archiveVersion = 1;
	classes = {
	};
	objectVersion = 46;
	objects = {

/* Begin PBXBuildFile section */
		4B7672641E659FF500B668B1 /* AppDelegate.swift in Sources */ = {isa = PBXBuildFile; fileRef = 4B7672631E659FF500B668B1 /* AppDelegate.swift */; };
		4B7672691E659FF600B668B1 /* Main.storyboard in Resources */ = {isa = PBXBuildFile; fileRef = 4B7672671E659FF600B668B1 /* Main.storyboard */; };
		4B76726B1E659FF600B668B1 /* Assets.xcassets in Resources */ = {isa = PBXBuildFile; fileRef = 4B76726A1E659FF600B668B1 /* Assets.xcassets */; };
		4B76726E1E659FF600B668B1 /* LaunchScreen.storyboard in Resources */ = {isa = PBXBuildFile; fileRef = 4B76726C1E659FF600B668B1 /* LaunchScreen.storyboard */; };
		4B7672761E65A0DA00B668B1 /* KivaListTableViewController.swift in Sources */ = {isa = PBXBuildFile; fileRef = 4B7672751E65A0DA00B668B1 /* KivaListTableViewController.swift */; };
		4B7672781E65A0ED00B668B1 /* TableViewCell.swift in Sources */ = {isa = PBXBuildFile; fileRef = 4B7672771E65A0ED00B668B1 /* TableViewCell.swift */; };
		4B76727C1E65A21200B668B1 /* Loan.swift in Sources */ = {isa = PBXBuildFile; fileRef = 4B76727B1E65A21200B668B1 /* Loan.swift */; };
/* End PBXBuildFile section */

/* Begin PBXFileReference section */
		4B7672601E659FF500B668B1 /* testLessons test.app */ = {isa = PBXFileReference; explicitFileType = wrapper.application; includeInIndex = 0; path = "testLessons test.app"; sourceTree = BUILT_PRODUCTS_DIR; };
		4B7672631E659FF500B668B1 /* AppDelegate.swift */ = {isa = PBXFileReference; lastKnownFileType = sourcecode.swift; path = AppDelegate.swift; sourceTree = "<group>"; };
		4B7672681E659FF600B668B1 /* Base */ = {isa = PBXFileReference; lastKnownFileType = file.storyboard; name = Base; path = Base.lproj/Main.storyboard; sourceTree = "<group>"; };
		4B76726A1E659FF600B668B1 /* Assets.xcassets */ = {isa = PBXFileReference; lastKnownFileType = folder.assetcatalog; path = Assets.xcassets; sourceTree = "<group>"; };
		4B76726D1E659FF600B668B1 /* Base */ = {isa = PBXFileReference; lastKnownFileType = file.storyboard; name = Base; path = Base.lproj/LaunchScreen.storyboard; sourceTree = "<group>"; };
		4B76726F1E659FF600B668B1 /* Info.plist */ = {isa = PBXFileReference; lastKnownFileType = text.plist.xml; path = Info.plist; sourceTree = "<group>"; };
		4B7672751E65A0DA00B668B1 /* KivaListTableViewController.swift */ = {isa = PBXFileReference; fileEncoding = 4; lastKnownFileType = sourcecode.swift; name = KivaListTableViewController.swift; path = ../KivaListTableViewController.swift; sourceTree = "<group>"; };
		4B7672771E65A0ED00B668B1 /* TableViewCell.swift */ = {isa = PBXFileReference; fileEncoding = 4; lastKnownFileType = sourcecode.swift; name = TableViewCell.swift; path = ../TableViewCell.swift; sourceTree = "<group>"; };
		4B76727B1E65A21200B668B1 /* Loan.swift */ = {isa = PBXFileReference; fileEncoding = 4; lastKnownFileType = sourcecode.swift; path = Loan.swift; sourceTree = "<group>"; };
/* End PBXFileReference section */

/* Begin PBXFrameworksBuildPhase section */
		4B76725D1E659FF500B668B1 /* Frameworks */ = {
			isa = PBXFrameworksBuildPhase;
			buildActionMask = 2147483647;
			files = (
			);
			runOnlyForDeploymentPostprocessing = 0;
		};
/* End PBXFrameworksBuildPhase section */

/* Begin PBXGroup section */
		4B7672571E659FF500B668B1 = {
			isa = PBXGroup;
			children = (
				4B7672621E659FF500B668B1 /* testLessons test */,
				4B7672611E659FF500B668B1 /* Products */,
			);
			sourceTree = "<group>";
		};
		4B7672611E659FF500B668B1 /* Products */ = {
			isa = PBXGroup;
			children = (
				4B7672601E659FF500B668B1 /* testLessons test.app */,
			);
			name = Products;
			sourceTree = "<group>";
		};
		4B7672621E659FF500B668B1 /* testLessons test */ = {
			isa = PBXGroup;
			children = (
				4B76727A1E65A20400B668B1 /* Model */,
				4B7672791E65A1F400B668B1 /* View */,
				4B7672631E659FF500B668B1 /* AppDelegate.swift */,
				4B7672671E659FF600B668B1 /* Main.storyboard */,
				4B76726A1E659FF600B668B1 /* Assets.xcassets */,
				4B76726C1E659FF600B668B1 /* LaunchScreen.storyboard */,
				4B76726F1E659FF600B668B1 /* Info.plist */,
			);
			path = "testLessons test";
			sourceTree = "<group>";
		};
		4B7672791E65A1F400B668B1 /* View */ = {
			isa = PBXGroup;
			children = (
				4B7672771E65A0ED00B668B1 /* TableViewCell.swift */,
				4B7672751E65A0DA00B668B1 /* KivaListTableViewController.swift */,
			);
			name = View;
			sourceTree = "<group>";
		};
		4B76727A1E65A20400B668B1 /* Model */ = {
			isa = PBXGroup;
			children = (
				4B76727B1E65A21200B668B1 /* Loan.swift */,
			);
			name = Model;
			sourceTree = "<group>";
		};
/* End PBXGroup section */

/* Begin PBXNativeTarget section */
		4B76725F1E659FF500B668B1 /* testLessons test */ = {
			isa = PBXNativeTarget;
			buildConfigurationList = 4B7672721E659FF600B668B1 /* Build configuration list for PBXNativeTarget "testLessons test" */;
			buildPhases = (
				4B76725C1E659FF500B668B1 /* Sources */,
				4B76725D1E659FF500B668B1 /* Frameworks */,
				4B76725E1E659FF500B668B1 /* Resources */,
			);
			buildRules = (
			);
			dependencies = (
			);
			name = "testLessons test";
			productName = "testLessons test";
			productReference = 4B7672601E659FF500B668B1 /* testLessons test.app */;
			productType = "com.apple.product-type.application";
		};
/* End PBXNativeTarget section */

/* Begin PBXProject section */
		4B7672581E659FF500B668B1 /* Project object */ = {
			isa = PBXProject;
			attributes = {
				LastSwiftUpdateCheck = 0820;
				LastUpgradeCheck = 0820;
				ORGANIZATIONNAME = "Mikhail Seregin";
				TargetAttributes = {
					4B76725F1E659FF500B668B1 = {
						CreatedOnToolsVersion = 8.2.1;
						DevelopmentTeam = 8FR82B7BH7;
						ProvisioningStyle = Automatic;
					};
				};
			};
			buildConfigurationList = 4B76725B1E659FF500B668B1 /* Build configuration list for PBXProject "testLessons test" */;
			compatibilityVersion = "Xcode 3.2";
			developmentRegion = English;
			hasScannedForEncodings = 0;
			knownRegions = (
				en,
				Base,
			);
			mainGroup = 4B7672571E659FF500B668B1;
			productRefGroup = 4B7672611E659FF500B668B1 /* Products */;
			projectDirPath = "";
			projectRoot = "";
			targets = (
				4B76725F1E659FF500B668B1 /* testLessons test */,
			);
		};
/* End PBXProject section */

/* Begin PBXResourcesBuildPhase section */
		4B76725E1E659FF500B668B1 /* Resources */ = {
			isa = PBXResourcesBuildPhase;
			buildActionMask = 2147483647;
			files = (
				4B76726E1E659FF600B668B1 /* LaunchScreen.storyboard in Resources */,
				4B76726B1E659FF600B668B1 /* Assets.xcassets in Resources */,
				4B7672691E659FF600B668B1 /* Main.storyboard in Resources */,
			);
			runOnlyForDeploymentPostprocessing = 0;
		};
/* End PBXResourcesBuildPhase section */

/* Begin PBXSourcesBuildPhase section */
		4B76725C1E659FF500B668B1 /* Sources */ = {
			isa = PBXSourcesBuildPhase;
			buildActionMask = 2147483647;
			files = (
				4B7672781E65A0ED00B668B1 /* TableViewCell.swift in Sources */,
				4B7672761E65A0DA00B668B1 /* KivaListTableViewController.swift in Sources */,
				4B7672641E659FF500B668B1 /* AppDelegate.swift in Sources */,
				4B76727C1E65A21200B668B1 /* Loan.swift in Sources */,
			);
			runOnlyForDeploymentPostprocessing = 0;
		};
/* End PBXSourcesBuildPhase section */

/* Begin PBXVariantGroup section */
		4B7672671E659FF600B668B1 /* Main.storyboard */ = {
			isa = PBXVariantGroup;
			children = (
				4B7672681E659FF600B668B1 /* Base */,
			);
			name = Main.storyboard;
			sourceTree = "<group>";
		};
		4B76726C1E659FF600B668B1 /* LaunchScreen.storyboard */ = {
			isa = PBXVariantGroup;
			children = (
				4B76726D1E659FF600B668B1 /* Base */,
			);
			name = LaunchScreen.storyboard;
			sourceTree = "<group>";
		};
/* End PBXVariantGroup section */

/* Begin XCBuildConfiguration section */
		4B7672701E659FF600B668B1 /* Debug */ = {
			isa = XCBuildConfiguration;
			buildSettings = {
				ALWAYS_SEARCH_USER_PATHS = NO;
				CLANG_ANALYZER_NONNULL = YES;
				CLANG_CXX_LANGUAGE_STANDARD = "gnu++0x";
				CLANG_CXX_LIBRARY = "libc++";
				CLANG_ENABLE_MODULES = YES;
				CLANG_ENABLE_OBJC_ARC = YES;
				CLANG_WARN_BOOL_CONVERSION = YES;
				CLANG_WARN_CONSTANT_CONVERSION = YES;
				CLANG_WARN_DIRECT_OBJC_ISA_USAGE = YES_ERROR;
				CLANG_WARN_DOCUMENTATION_COMMENTS = YES;
				CLANG_WARN_EMPTY_BODY = YES;
				CLANG_WARN_ENUM_CONVERSION = YES;
				CLANG_WARN_INFINITE_RECURSION = YES;
				CLANG_WARN_INT_CONVERSION = YES;
				CLANG_WARN_OBJC_ROOT_CLASS = YES_ERROR;
				CLANG_WARN_SUSPICIOUS_MOVE = YES;
				CLANG_WARN_UNREACHABLE_CODE = YES;
				CLANG_WARN__DUPLICATE_METHOD_MATCH = YES;
				"CODE_SIGN_IDENTITY[sdk=iphoneos*]" = "iPhone Developer";
				COPY_PHASE_STRIP = NO;
				DEBUG_INFORMATION_FORMAT = dwarf;
				ENABLE_STRICT_OBJC_MSGSEND = YES;
				ENABLE_TESTABILITY = YES;
				GCC_C_LANGUAGE_STANDARD = gnu99;
				GCC_DYNAMIC_NO_PIC = NO;
				GCC_NO_COMMON_BLOCKS = YES;
				GCC_OPTIMIZATION_LEVEL = 0;
				GCC_PREPROCESSOR_DEFINITIONS = (
					"DEBUG=1",
					"$(inherited)",
				);
				GCC_WARN_64_TO_32_BIT_CONVERSION = YES;
				GCC_WARN_ABOUT_RETURN_TYPE = YES_ERROR;
				GCC_WARN_UNDECLARED_SELECTOR = YES;
				GCC_WARN_UNINITIALIZED_AUTOS = YES_AGGRESSIVE;
				GCC_WARN_UNUSED_FUNCTION = YES;
				GCC_WARN_UNUSED_VARIABLE = YES;
				IPHONEOS_DEPLOYMENT_TARGET = 10.2;
				MTL_ENABLE_DEBUG_INFO = YES;
				ONLY_ACTIVE_ARCH = YES;
				SDKROOT = iphoneos;
				SWIFT_ACTIVE_COMPILATION_CONDITIONS = DEBUG;
				SWIFT_OPTIMIZATION_LEVEL = "-Onone";
				TARGETED_DEVICE_FAMILY = "1,2";
			};
			name = Debug;
		};
		4B7672711E659FF600B668B1 /* Release */ = {
			isa = XCBuildConfiguration;
			buildSettings = {
				ALWAYS_SEARCH_USER_PATHS = NO;
				CLANG_ANALYZER_NONNULL = YES;
				CLANG_CXX_LANGUAGE_STANDARD = "gnu++0x";
				CLANG_CXX_LIBRARY = "libc++";
				CLANG_ENABLE_MODULES = YES;
				CLANG_ENABLE_OBJC_ARC = YES;
				CLANG_WARN_BOOL_CONVERSION = YES;
				CLANG_WARN_CONSTANT_CONVERSION = YES;
				CLANG_WARN_DIRECT_OBJC_ISA_USAGE = YES_ERROR;
				CLANG_WARN_DOCUMENTATION_COMMENTS = YES;
				CLANG_WARN_EMPTY_BODY = YES;
				CLANG_WARN_ENUM_CONVERSION = YES;
				CLANG_WARN_INFINITE_RECURSION = YES;
				CLANG_WARN_INT_CONVERSION = YES;
				CLANG_WARN_OBJC_ROOT_CLASS = YES_ERROR;
				CLANG_WARN_SUSPICIOUS_MOVE = YES;
				CLANG_WARN_UNREACHABLE_CODE = YES;
				CLANG_WARN__DUPLICATE_METHOD_MATCH = YES;
				"CODE_SIGN_IDENTITY[sdk=iphoneos*]" = "iPhone Developer";
				COPY_PHASE_STRIP = NO;
				DEBUG_INFORMATION_FORMAT = "dwarf-with-dsym";
				ENABLE_NS_ASSERTIONS = NO;
				ENABLE_STRICT_OBJC_MSGSEND = YES;
				GCC_C_LANGUAGE_STANDARD = gnu99;
				GCC_NO_COMMON_BLOCKS = YES;
				GCC_WARN_64_TO_32_BIT_CONVERSION = YES;
				GCC_WARN_ABOUT_RETURN_TYPE = YES_ERROR;
				GCC_WARN_UNDECLARED_SELECTOR = YES;
				GCC_WARN_UNINITIALIZED_AUTOS = YES_AGGRESSIVE;
				GCC_WARN_UNUSED_FUNCTION = YES;
				GCC_WARN_UNUSED_VARIABLE = YES;
				IPHONEOS_DEPLOYMENT_TARGET = 10.2;
				MTL_ENABLE_DEBUG_INFO = NO;
				SDKROOT = iphoneos;
				SWIFT_OPTIMIZATION_LEVEL = "-Owholemodule";
				TARGETED_DEVICE_FAMILY = "1,2";
				VALIDATE_PRODUCT = YES;
			};
			name = Release;
		};
		4B7672731E659FF600B668B1 /* Debug */ = {
			isa = XCBuildConfiguration;
			buildSettings = {
				ASSETCATALOG_COMPILER_APPICON_NAME = AppIcon;
				DEVELOPMENT_TEAM = 8FR82B7BH7;
				INFOPLIST_FILE = "testLessons test/Info.plist";
				LD_RUNPATH_SEARCH_PATHS = "$(inherited) @executable_path/Frameworks";
				PRODUCT_BUNDLE_IDENTIFIER = "Mikhail-Seregin.testLessons";
				PRODUCT_NAME = "$(TARGET_NAME)";
				SWIFT_VERSION = 3.0;
			};
			name = Debug;
		};
		4B7672741E659FF600B668B1 /* Release */ = {
			isa = XCBuildConfiguration;
			buildSettings = {
				ASSETCATALOG_COMPILER_APPICON_NAME = AppIcon;
				DEVELOPMENT_TEAM = 8FR82B7BH7;
				INFOPLIST_FILE = "testLessons test/Info.plist";
				LD_RUNPATH_SEARCH_PATHS = "$(inherited) @executable_path/Frameworks";
				PRODUCT_BUNDLE_IDENTIFIER = "Mikhail-Seregin.testLessons";
				PRODUCT_NAME = "$(TARGET_NAME)";
				SWIFT_VERSION = 3.0;
			};
			name = Release;
		};
/* End XCBuildConfiguration section */

/* Begin XCConfigurationList section */
		4B76725B1E659FF500B668B1 /* Build configuration list for PBXProject "testLessons test" */ = {
			isa = XCConfigurationList;
			buildConfigurations = (
				4B7672701E659FF600B668B1 /* Debug */,
				4B7672711E659FF600B668B1 /* Release */,
			);
			defaultConfigurationIsVisible = 0;
			defaultConfigurationName = Release;
		};
		4B7672721E659FF600B668B1 /* Build configuration list for PBXNativeTarget "testLessons test" */ = {
			isa = XCConfigurationList;
			buildConfigurations = (
				4B7672731E659FF600B668B1 /* Debug */,
				4B7672741E659FF600B668B1 /* Release */,
			);
			defaultConfigurationIsVisible = 0;
			defaultConfigurationName = Release;
		};
/* End XCConfigurationList section */
	};
	rootObject = 4B7672581E659FF500B668B1 /* Project object */;
}
